// !$*UTF8*$!
{
	archiveVersion = 1;
	classes = {
	};
	objectVersion = 55;
	objects = {

/* Begin PBXBuildFile section */
		F4E0C13529400C08003C5EE8 /* demoApp.swift in Sources */ = {isa = PBXBuildFile; fileRef = F4E0C13429400C08003C5EE8 /* demoApp.swift */; };
		F4E0C13729400C08003C5EE8 /* ContentView.swift in Sources */ = {isa = PBXBuildFile; fileRef = F4E0C13629400C08003C5EE8 /* ContentView.swift */; };
		F4E0C13929400C0D003C5EE8 /* Assets.xcassets in Resources */ = {isa = PBXBuildFile; fileRef = F4E0C13829400C0D003C5EE8 /* Assets.xcassets */; };
		F4E0C13C29400C0D003C5EE8 /* Preview Assets.xcassets in Resources */ = {isa = PBXBuildFile; fileRef = F4E0C13B29400C0D003C5EE8 /* Preview Assets.xcassets */; };
		F4E0C14329400C4C003C5EE8 /* Basic.swift in Sources */ = {isa = PBXBuildFile; fileRef = F4E0C14229400C4C003C5EE8 /* Basic.swift */; };
		F4E0C14529400FFD003C5EE8 /* Combine.swift in Sources */ = {isa = PBXBuildFile; fileRef = F4E0C14429400FFD003C5EE8 /* Combine.swift */; };
		F4E0C14829401523003C5EE8 /* RxCocoa in Frameworks */ = {isa = PBXBuildFile; productRef = F4E0C14729401523003C5EE8 /* RxCocoa */; };
		F4E0C14A29401523003C5EE8 /* RxRelay in Frameworks */ = {isa = PBXBuildFile; productRef = F4E0C14929401523003C5EE8 /* RxRelay */; };
		F4E0C14C29401523003C5EE8 /* RxSwift in Frameworks */ = {isa = PBXBuildFile; productRef = F4E0C14B29401523003C5EE8 /* RxSwift */; };
		F4E0C14E29401724003C5EE8 /* RxSwiftDemo.swift in Sources */ = {isa = PBXBuildFile; fileRef = F4E0C14D29401724003C5EE8 /* RxSwiftDemo.swift */; };
		F4E0C15029401992003C5EE8 /* RxCocoaDemo.swift in Sources */ = {isa = PBXBuildFile; fileRef = F4E0C14F29401992003C5EE8 /* RxCocoaDemo.swift */; };
/* End PBXBuildFile section */

/* Begin PBXFileReference section */
		F4E0C13129400C08003C5EE8 /* demo.app */ = {isa = PBXFileReference; explicitFileType = wrapper.application; includeInIndex = 0; path = demo.app; sourceTree = BUILT_PRODUCTS_DIR; };
		F4E0C13429400C08003C5EE8 /* demoApp.swift */ = {isa = PBXFileReference; lastKnownFileType = sourcecode.swift; path = demoApp.swift; sourceTree = "<group>"; };
		F4E0C13629400C08003C5EE8 /* ContentView.swift */ = {isa = PBXFileReference; lastKnownFileType = sourcecode.swift; path = ContentView.swift; sourceTree = "<group>"; };
		F4E0C13829400C0D003C5EE8 /* Assets.xcassets */ = {isa = PBXFileReference; lastKnownFileType = folder.assetcatalog; path = Assets.xcassets; sourceTree = "<group>"; };
		F4E0C13B29400C0D003C5EE8 /* Preview Assets.xcassets */ = {isa = PBXFileReference; lastKnownFileType = folder.assetcatalog; path = "Preview Assets.xcassets"; sourceTree = "<group>"; };
		F4E0C14229400C4C003C5EE8 /* Basic.swift */ = {isa = PBXFileReference; lastKnownFileType = sourcecode.swift; path = Basic.swift; sourceTree = "<group>"; };
		F4E0C14429400FFD003C5EE8 /* Combine.swift */ = {isa = PBXFileReference; lastKnownFileType = sourcecode.swift; path = Combine.swift; sourceTree = "<group>"; };
		F4E0C14D29401724003C5EE8 /* RxSwiftDemo.swift */ = {isa = PBXFileReference; lastKnownFileType = sourcecode.swift; path = RxSwiftDemo.swift; sourceTree = "<group>"; };
		F4E0C14F29401992003C5EE8 /* RxCocoaDemo.swift */ = {isa = PBXFileReference; lastKnownFileType = sourcecode.swift; path = RxCocoaDemo.swift; sourceTree = "<group>"; };
/* End PBXFileReference section */

/* Begin PBXFrameworksBuildPhase section */
		F4E0C12E29400C08003C5EE8 /* Frameworks */ = {
			isa = PBXFrameworksBuildPhase;
			buildActionMask = 2147483647;
			files = (
				F4E0C14C29401523003C5EE8 /* RxSwift in Frameworks */,
				F4E0C14A29401523003C5EE8 /* RxRelay in Frameworks */,
				F4E0C14829401523003C5EE8 /* RxCocoa in Frameworks */,
			);
			runOnlyForDeploymentPostprocessing = 0;
		};
/* End PBXFrameworksBuildPhase section */

/* Begin PBXGroup section */
		F4E0C12829400C08003C5EE8 = {
			isa = PBXGroup;
			children = (
				F4E0C13329400C08003C5EE8 /* demo */,
				F4E0C13229400C08003C5EE8 /* Products */,
			);
			sourceTree = "<group>";
		};
		F4E0C13229400C08003C5EE8 /* Products */ = {
			isa = PBXGroup;
			children = (
				F4E0C13129400C08003C5EE8 /* demo.app */,
			);
			name = Products;
			sourceTree = "<group>";
		};
		F4E0C13329400C08003C5EE8 /* demo */ = {
			isa = PBXGroup;
			children = (
				F4E0C13429400C08003C5EE8 /* demoApp.swift */,
				F4E0C13629400C08003C5EE8 /* ContentView.swift */,
				F4E0C13829400C0D003C5EE8 /* Assets.xcassets */,
				F4E0C13A29400C0D003C5EE8 /* Preview Content */,
				F4E0C14229400C4C003C5EE8 /* Basic.swift */,
				F4E0C14429400FFD003C5EE8 /* Combine.swift */,
				F4E0C14D29401724003C5EE8 /* RxSwiftDemo.swift */,
				F4E0C14F29401992003C5EE8 /* RxCocoaDemo.swift */,
			);
			path = demo;
			sourceTree = "<group>";
		};
		F4E0C13A29400C0D003C5EE8 /* Preview Content */ = {
			isa = PBXGroup;
			children = (
				F4E0C13B29400C0D003C5EE8 /* Preview Assets.xcassets */,
			);
			path = "Preview Content";
			sourceTree = "<group>";
		};
/* End PBXGroup section */

/* Begin PBXNativeTarget section */
		F4E0C13029400C08003C5EE8 /* demo */ = {
			isa = PBXNativeTarget;
			buildConfigurationList = F4E0C13F29400C0D003C5EE8 /* Build configuration list for PBXNativeTarget "demo" */;
			buildPhases = (
				F4E0C12D29400C08003C5EE8 /* Sources */,
				F4E0C12E29400C08003C5EE8 /* Frameworks */,
				F4E0C12F29400C08003C5EE8 /* Resources */,
			);
			buildRules = (
			);
			dependencies = (
			);
			name = demo;
			packageProductDependencies = (
				F4E0C14729401523003C5EE8 /* RxCocoa */,
				F4E0C14929401523003C5EE8 /* RxRelay */,
				F4E0C14B29401523003C5EE8 /* RxSwift */,
			);
			productName = demo;
			productReference = F4E0C13129400C08003C5EE8 /* demo.app */;
			productType = "com.apple.product-type.application";
		};
/* End PBXNativeTarget section */

/* Begin PBXProject section */
		F4E0C12929400C08003C5EE8 /* Project object */ = {
			isa = PBXProject;
			attributes = {
				BuildIndependentTargetsInParallel = 1;
				LastSwiftUpdateCheck = 1340;
				LastUpgradeCheck = 1340;
				TargetAttributes = {
					F4E0C13029400C08003C5EE8 = {
						CreatedOnToolsVersion = 13.4.1;
					};
				};
			};
			buildConfigurationList = F4E0C12C29400C08003C5EE8 /* Build configuration list for PBXProject "demo" */;
			compatibilityVersion = "Xcode 13.0";
			developmentRegion = en;
			hasScannedForEncodings = 0;
			knownRegions = (
				en,
				Base,
			);
			mainGroup = F4E0C12829400C08003C5EE8;
			packageReferences = (
				F4E0C14629401523003C5EE8 /* XCRemoteSwiftPackageReference "RxSwift" */,
			);
			productRefGroup = F4E0C13229400C08003C5EE8 /* Products */;
			projectDirPath = "";
			projectRoot = "";
			targets = (
				F4E0C13029400C08003C5EE8 /* demo */,
			);
		};
/* End PBXProject section */

/* Begin PBXResourcesBuildPhase section */
		F4E0C12F29400C08003C5EE8 /* Resources */ = {
			isa = PBXResourcesBuildPhase;
			buildActionMask = 2147483647;
			files = (
				F4E0C13C29400C0D003C5EE8 /* Preview Assets.xcassets in Resources */,
				F4E0C13929400C0D003C5EE8 /* Assets.xcassets in Resources */,
			);
			runOnlyForDeploymentPostprocessing = 0;
		};
/* End PBXResourcesBuildPhase section */

/* Begin PBXSourcesBuildPhase section */
		F4E0C12D29400C08003C5EE8 /* Sources */ = {
			isa = PBXSourcesBuildPhase;
			buildActionMask = 2147483647;
			files = (
				F4E0C13729400C08003C5EE8 /* ContentView.swift in Sources */,
				F4E0C14529400FFD003C5EE8 /* Combine.swift in Sources */,
				F4E0C15029401992003C5EE8 /* RxCocoaDemo.swift in Sources */,
				F4E0C14E29401724003C5EE8 /* RxSwiftDemo.swift in Sources */,
				F4E0C13529400C08003C5EE8 /* demoApp.swift in Sources */,
				F4E0C14329400C4C003C5EE8 /* Basic.swift in Sources */,
			);
			runOnlyForDeploymentPostprocessing = 0;
		};
/* End PBXSourcesBuildPhase section */

/* Begin XCBuildConfiguration section */
		F4E0C13D29400C0D003C5EE8 /* Debug */ = {
			isa = XCBuildConfiguration;
			buildSettings = {
				ALWAYS_SEARCH_USER_PATHS = NO;
				CLANG_ANALYZER_NONNULL = YES;
				CLANG_ANALYZER_NUMBER_OBJECT_CONVERSION = YES_AGGRESSIVE;
				CLANG_CXX_LANGUAGE_STANDARD = "gnu++17";
				CLANG_ENABLE_MODULES = YES;
				CLANG_ENABLE_OBJC_ARC = YES;
				CLANG_ENABLE_OBJC_WEAK = YES;
				CLANG_WARN_BLOCK_CAPTURE_AUTORELEASING = YES;
				CLANG_WARN_BOOL_CONVERSION = YES;
				CLANG_WARN_COMMA = YES;
				CLANG_WARN_CONSTANT_CONVERSION = YES;
				CLANG_WARN_DEPRECATED_OBJC_IMPLEMENTATIONS = YES;
				CLANG_WARN_DIRECT_OBJC_ISA_USAGE = YES_ERROR;
				CLANG_WARN_DOCUMENTATION_COMMENTS = YES;
				CLANG_WARN_EMPTY_BODY = YES;
				CLANG_WARN_ENUM_CONVERSION = YES;
				CLANG_WARN_INFINITE_RECURSION = YES;
				CLANG_WARN_INT_CONVERSION = YES;
				CLANG_WARN_NON_LITERAL_NULL_CONVERSION = YES;
				CLANG_WARN_OBJC_IMPLICIT_RETAIN_SELF = YES;
				CLANG_WARN_OBJC_LITERAL_CONVERSION = YES;
				CLANG_WARN_OBJC_ROOT_CLASS = YES_ERROR;
				CLANG_WARN_QUOTED_INCLUDE_IN_FRAMEWORK_HEADER = YES;
				CLANG_WARN_RANGE_LOOP_ANALYSIS = YES;
				CLANG_WARN_STRICT_PROTOTYPES = YES;
				CLANG_WARN_SUSPICIOUS_MOVE = YES;
				CLANG_WARN_UNGUARDED_AVAILABILITY = YES_AGGRESSIVE;
				CLANG_WARN_UNREACHABLE_CODE = YES;
				CLANG_WARN__DUPLICATE_METHOD_MATCH = YES;
				COPY_PHASE_STRIP = NO;
				DEBUG_INFORMATION_FORMAT = dwarf;
				ENABLE_STRICT_OBJC_MSGSEND = YES;
				ENABLE_TESTABILITY = YES;
				GCC_C_LANGUAGE_STANDARD = gnu11;
				GCC_DYNAMIC_NO_PIC = NO;
				GCC_NO_COMMON_BLOCKS = YES;
				GCC_OPTIMIZATION_LEVEL = 0;
				GCC_PREPROCESSOR_DEFINITIONS = (
					"DEBUG=1",
					"$(inherited)",
				);
				GCC_WARN_64_TO_32_BIT_CONVERSION = YES;
				GCC_WARN_ABOUT_RETURN_TYPE = YES_ERROR;
				GCC_WARN_UNDECLARED_SELECTOR = YES;
				GCC_WARN_UNINITIALIZED_AUTOS = YES_AGGRESSIVE;
				GCC_WARN_UNUSED_FUNCTION = YES;
				GCC_WARN_UNUSED_VARIABLE = YES;
				IPHONEOS_DEPLOYMENT_TARGET = 15.5;
				MTL_ENABLE_DEBUG_INFO = INCLUDE_SOURCE;
				MTL_FAST_MATH = YES;
				ONLY_ACTIVE_ARCH = YES;
				SDKROOT = iphoneos;
				SWIFT_ACTIVE_COMPILATION_CONDITIONS = DEBUG;
				SWIFT_OPTIMIZATION_LEVEL = "-Onone";
			};
			name = Debug;
		};
		F4E0C13E29400C0D003C5EE8 /* Release */ = {
			isa = XCBuildConfiguration;
			buildSettings = {
				ALWAYS_SEARCH_USER_PATHS = NO;
				CLANG_ANALYZER_NONNULL = YES;
				CLANG_ANALYZER_NUMBER_OBJECT_CONVERSION = YES_AGGRESSIVE;
				CLANG_CXX_LANGUAGE_STANDARD = "gnu++17";
				CLANG_ENABLE_MODULES = YES;
				CLANG_ENABLE_OBJC_ARC = YES;
				CLANG_ENABLE_OBJC_WEAK = YES;
				CLANG_WARN_BLOCK_CAPTURE_AUTORELEASING = YES;
				CLANG_WARN_BOOL_CONVERSION = YES;
				CLANG_WARN_COMMA = YES;
				CLANG_WARN_CONSTANT_CONVERSION = YES;
				CLANG_WARN_DEPRECATED_OBJC_IMPLEMENTATIONS = YES;
				CLANG_WARN_DIRECT_OBJC_ISA_USAGE = YES_ERROR;
				CLANG_WARN_DOCUMENTATION_COMMENTS = YES;
				CLANG_WARN_EMPTY_BODY = YES;
				CLANG_WARN_ENUM_CONVERSION = YES;
				CLANG_WARN_INFINITE_RECURSION = YES;
				CLANG_WARN_INT_CONVERSION = YES;
				CLANG_WARN_NON_LITERAL_NULL_CONVERSION = YES;
				CLANG_WARN_OBJC_IMPLICIT_RETAIN_SELF = YES;
				CLANG_WARN_OBJC_LITERAL_CONVERSION = YES;
				CLANG_WARN_OBJC_ROOT_CLASS = YES_ERROR;
				CLANG_WARN_QUOTED_INCLUDE_IN_FRAMEWORK_HEADER = YES;
				CLANG_WARN_RANGE_LOOP_ANALYSIS = YES;
				CLANG_WARN_STRICT_PROTOTYPES = YES;
				CLANG_WARN_SUSPICIOUS_MOVE = YES;
				CLANG_WARN_UNGUARDED_AVAILABILITY = YES_AGGRESSIVE;
				CLANG_WARN_UNREACHABLE_CODE = YES;
				CLANG_WARN__DUPLICATE_METHOD_MATCH = YES;
				COPY_PHASE_STRIP = NO;
				DEBUG_INFORMATION_FORMAT = "dwarf-with-dsym";
				ENABLE_NS_ASSERTIONS = NO;
				ENABLE_STRICT_OBJC_MSGSEND = YES;
				GCC_C_LANGUAGE_STANDARD = gnu11;
				GCC_NO_COMMON_BLOCKS = YES;
				GCC_WARN_64_TO_32_BIT_CONVERSION = YES;
				GCC_WARN_ABOUT_RETURN_TYPE = YES_ERROR;
				GCC_WARN_UNDECLARED_SELECTOR = YES;
				GCC_WARN_UNINITIALIZED_AUTOS = YES_AGGRESSIVE;
				GCC_WARN_UNUSED_FUNCTION = YES;
				GCC_WARN_UNUSED_VARIABLE = YES;
				IPHONEOS_DEPLOYMENT_TARGET = 15.5;
				MTL_ENABLE_DEBUG_INFO = NO;
				MTL_FAST_MATH = YES;
				SDKROOT = iphoneos;
				SWIFT_COMPILATION_MODE = wholemodule;
				SWIFT_OPTIMIZATION_LEVEL = "-O";
				VALIDATE_PRODUCT = YES;
			};
			name = Release;
		};
		F4E0C14029400C0D003C5EE8 /* Debug */ = {
			isa = XCBuildConfiguration;
			buildSettings = {
				ASSETCATALOG_COMPILER_APPICON_NAME = AppIcon;
				ASSETCATALOG_COMPILER_GLOBAL_ACCENT_COLOR_NAME = AccentColor;
				CODE_SIGN_STYLE = Automatic;
				CURRENT_PROJECT_VERSION = 1;
				DEVELOPMENT_ASSET_PATHS = "\"demo/Preview Content\"";
				DEVELOPMENT_TEAM = N76NN9Y3U9;
				ENABLE_PREVIEWS = YES;
				GENERATE_INFOPLIST_FILE = YES;
				INFOPLIST_KEY_UIApplicationSceneManifest_Generation = YES;
				INFOPLIST_KEY_UIApplicationSupportsIndirectInputEvents = YES;
				INFOPLIST_KEY_UILaunchScreen_Generation = YES;
				INFOPLIST_KEY_UISupportedInterfaceOrientations_iPad = "UIInterfaceOrientationPortrait UIInterfaceOrientationPortraitUpsideDown UIInterfaceOrientationLandscapeLeft UIInterfaceOrientationLandscapeRight";
				INFOPLIST_KEY_UISupportedInterfaceOrientations_iPhone = "UIInterfaceOrientationPortrait UIInterfaceOrientationLandscapeLeft UIInterfaceOrientationLandscapeRight";
				LD_RUNPATH_SEARCH_PATHS = (
					"$(inherited)",
					"@executable_path/Frameworks",
				);
				MARKETING_VERSION = 1.0;
				PRODUCT_BUNDLE_IDENTIFIER = jp.com.milk.demo;
				PRODUCT_NAME = "$(TARGET_NAME)";
				SWIFT_EMIT_LOC_STRINGS = YES;
				SWIFT_VERSION = 5.0;
				TARGETED_DEVICE_FAMILY = "1,2";
			};
			name = Debug;
		};
		F4E0C14129400C0D003C5EE8 /* Release */ = {
			isa = XCBuildConfiguration;
			buildSettings = {
				ASSETCATALOG_COMPILER_APPICON_NAME = AppIcon;
				ASSETCATALOG_COMPILER_GLOBAL_ACCENT_COLOR_NAME = AccentColor;
				CODE_SIGN_STYLE = Automatic;
				CURRENT_PROJECT_VERSION = 1;
				DEVELOPMENT_ASSET_PATHS = "\"demo/Preview Content\"";
				DEVELOPMENT_TEAM = N76NN9Y3U9;
				ENABLE_PREVIEWS = YES;
				GENERATE_INFOPLIST_FILE = YES;
				INFOPLIST_KEY_UIApplicationSceneManifest_Generation = YES;
				INFOPLIST_KEY_UIApplicationSupportsIndirectInputEvents = YES;
				INFOPLIST_KEY_UILaunchScreen_Generation = YES;
				INFOPLIST_KEY_UISupportedInterfaceOrientations_iPad = "UIInterfaceOrientationPortrait UIInterfaceOrientationPortraitUpsideDown UIInterfaceOrientationLandscapeLeft UIInterfaceOrientationLandscapeRight";
				INFOPLIST_KEY_UISupportedInterfaceOrientations_iPhone = "UIInterfaceOrientationPortrait UIInterfaceOrientationLandscapeLeft UIInterfaceOrientationLandscapeRight";
				LD_RUNPATH_SEARCH_PATHS = (
					"$(inherited)",
					"@executable_path/Frameworks",
				);
				MARKETING_VERSION = 1.0;
				PRODUCT_BUNDLE_IDENTIFIER = jp.com.milk.demo;
				PRODUCT_NAME = "$(TARGET_NAME)";
				SWIFT_EMIT_LOC_STRINGS = YES;
				SWIFT_VERSION = 5.0;
				TARGETED_DEVICE_FAMILY = "1,2";
			};
			name = Release;
		};
/* End XCBuildConfiguration section */

/* Begin XCConfigurationList section */
		F4E0C12C29400C08003C5EE8 /* Build configuration list for PBXProject "demo" */ = {
			isa = XCConfigurationList;
			buildConfigurations = (
				F4E0C13D29400C0D003C5EE8 /* Debug */,
				F4E0C13E29400C0D003C5EE8 /* Release */,
			);
			defaultConfigurationIsVisible = 0;
			defaultConfigurationName = Release;
		};
		F4E0C13F29400C0D003C5EE8 /* Build configuration list for PBXNativeTarget "demo" */ = {
			isa = XCConfigurationList;
			buildConfigurations = (
				F4E0C14029400C0D003C5EE8 /* Debug */,
				F4E0C14129400C0D003C5EE8 /* Release */,
			);
			defaultConfigurationIsVisible = 0;
			defaultConfigurationName = Release;
		};
/* End XCConfigurationList section */

/* Begin XCRemoteSwiftPackageReference section */
		F4E0C14629401523003C5EE8 /* XCRemoteSwiftPackageReference "RxSwift" */ = {
			isa = XCRemoteSwiftPackageReference;
			repositoryURL = "https://github.com/ReactiveX/RxSwift.git";
			requirement = {
				branch = main;
				kind = branch;
			};
		};
/* End XCRemoteSwiftPackageReference section */

/* Begin XCSwiftPackageProductDependency section */
		F4E0C14729401523003C5EE8 /* RxCocoa */ = {
			isa = XCSwiftPackageProductDependency;
			package = F4E0C14629401523003C5EE8 /* XCRemoteSwiftPackageReference "RxSwift" */;
			productName = RxCocoa;
		};
		F4E0C14929401523003C5EE8 /* RxRelay */ = {
			isa = XCSwiftPackageProductDependency;
			package = F4E0C14629401523003C5EE8 /* XCRemoteSwiftPackageReference "RxSwift" */;
			productName = RxRelay;
		};
		F4E0C14B29401523003C5EE8 /* RxSwift */ = {
			isa = XCSwiftPackageProductDependency;
			package = F4E0C14629401523003C5EE8 /* XCRemoteSwiftPackageReference "RxSwift" */;
			productName = RxSwift;
		};
/* End XCSwiftPackageProductDependency section */
	};
	rootObject = F4E0C12929400C08003C5EE8 /* Project object */;
}
